
Microsoft Visual Studio Solution File, Format Version 12.00
# Visual Studio Version 17
VisualStudioVersion = 17.2.32616.157
MinimumVisualStudioVersion = 10.0.40219.1
Project("{FAE04EC0-301F-11D3-BF4B-00C04F79EFBC}") = "cleverenceTask1", "cleverenceTask1\cleverenceTask1.csproj", "{807C6673-D23C-4B06-8B2A-83B0CA0D4C7C}"
EndProject
Global
	GlobalSection(SolutionConfigurationPlatforms) = preSolution
		Debug|Any CPU = Debug|Any CPU
		Release|Any CPU = Release|Any CPU
	EndGlobalSection
	GlobalSection(ProjectConfigurationPlatforms) = postSolution
		{807C6673-D23C-4B06-8B2A-83B0CA0D4C7C}.Debug|Any CPU.ActiveCfg = Debug|Any CPU
		{807C6673-D23C-4B06-8B2A-83B0CA0D4C7C}.Debug|Any CPU.Build.0 = Debug|Any CPU
		{807C6673-D23C-4B06-8B2A-83B0CA0D4C7C}.Release|Any CPU.ActiveCfg = Release|Any CPU
		{807C6673-D23C-4B06-8B2A-83B0CA0D4C7C}.Release|Any CPU.Build.0 = Release|Any CPU
	EndGlobalSection
	GlobalSection(SolutionProperties) = preSolution
		HideSolutionNode = FALSE
	EndGlobalSection
	GlobalSection(ExtensibilityGlobals) = postSolution
		SolutionGuid = {E0010DE7-6726-4460-BCFE-D9C392918CB5}
	EndGlobalSection
EndGlobal
